
Microsoft Visual Studio Solution File, Format Version 12.00
# Visual Studio Version 16
VisualStudioVersion = 16.0.31424.327
MinimumVisualStudioVersion = 10.0.40219.1
Project("{FAE04EC0-301F-11D3-BF4B-00C04F79EFBC}") = "LINQProject", "LINQProject.csproj", "{D4C7DF4F-6738-458B-910D-DBED2D36C54C}"
EndProject
Global
	GlobalSection(SolutionConfigurationPlatforms) = preSolution
		Debug|Any CPU = Debug|Any CPU
		Release|Any CPU = Release|Any CPU
	EndGlobalSection
	GlobalSection(ProjectConfigurationPlatforms) = postSolution
		{D4C7DF4F-6738-458B-910D-DBED2D36C54C}.Debug|Any CPU.ActiveCfg = Debug|Any CPU
		{D4C7DF4F-6738-458B-910D-DBED2D36C54C}.Debug|Any CPU.Build.0 = Debug|Any CPU
		{D4C7DF4F-6738-458B-910D-DBED2D36C54C}.Release|Any CPU.ActiveCfg = Release|Any CPU
		{D4C7DF4F-6738-458B-910D-DBED2D36C54C}.Release|Any CPU.Build.0 = Release|Any CPU
	EndGlobalSection
	GlobalSection(SolutionProperties) = preSolution
		HideSolutionNode = FALSE
	EndGlobalSection
	GlobalSection(ExtensibilityGlobals) = postSolution
		SolutionGuid = {F68F66F1-3D45-4808-BB96-48AC948BFD5B}
	EndGlobalSection
EndGlobal
